{
  "name": "mujahiz-iq",
  "version": "0.1.0",
  "lockfileVersion": 3,
  "requires": true,
  "packages": {
    "": {
      "name": "mujahiz-iq",
      "version": "0.1.0",
      "dependencies": {
        "clsx": "^2.1.1",
        "firebase": "^11.0.2",
        "fuse.js": "^7.0.0",
        "i18next": "^23.16.8",
        "lucide-react": "^0.460.0",
        "react": "^18.3.1",
        "react-dom": "^18.3.1",
        "react-i18next": "^15.1.3",
        "react-router-dom": "^6.28.0"
      },
      "devDependencies": {
        "@firebase/rules-unit-testing": "^4.0.1",
        "@types/react": "^18.3.12",
        "@types/react-dom": "^18.3.1",
        "@vitejs/plugin-react": "^4.3.3",
        "autoprefixer": "^10.4.20",
        "firebase-tools": "^15.21.0",
        "postcss": "^8.4.49",
        "tailwindcss": "^3.4.15",
        "typescript": "^5.6.3",
        "vite": "^5.4.11"
      }
    },
    "node_modules/@alloc/quick-lru": {
      "version": "5.2.0",
      "resolved": "https://registry.npmjs.org/@alloc/quick-lru/-/quick-lru-5.2.0.tgz",
      "integrity": "sha512-UrcABB+4bUrFABwbluTIBErXwvbsU/V7TZWfmbgJfbkwiBuziS9gxdODUyuiecfdGQ85jglMW6juS3+z5TsKLw==",
      "dev": true,
      "license": "MIT",
      "engines": {
        "node": ">=10"
      },
      "funding": {
        "url": "https://github.com/sponsors/sindresorhus"
      }
    },
    "node_modules/@apidevtools/json-schema-ref-parser": {
      "version": "9.1.2",
      "resolved": "https://registry.npmjs.org/@apidevtools/json-schema-ref-parser/-/json-schema-ref-parser-9.1.2.tgz",
      "integrity": "sha512-r1w81DpR+KyRWd3f+rk6TNqMgedmAxZP5v5KWlXQWlgMUUtyEJch0DKEci1SorPMiSeM8XPl7MZ3miJ60JIpQg==",
      "dev": true,
      "license": "MIT",
      "dependencies": {
        "@jsdevtools/ono": "^7.1.3",
        "@types/json-schema": "^7.0.6",
        "call-me-maybe": "^1.0.1",
        "js-yaml": "^4.1.0"
      }
    },
    "node_modules/@apidevtools/json-schema-ref-parser/node_modules/argparse": {
      "version": "2.0.1",
      "resolved": "https://registry.npmjs.org/argparse/-/argparse-2.0.1.tgz",
      "integrity": "sha512-8+9WqebbFzpX9OR+Wa6O29asIogeRMzcGtAINdpMHHyAg10f05aSFVBbcEqGf/PXw1EjAZ+q2/bEBg3DvurK3Q==",
      "dev": true,
      "license": "Python-2.0"
    },
    "node_modules/@apidevtools/json-schema-ref-parser/node_modules/js-yaml": {
      "version": "4.2.0",
      "resolved": "https://registry.npmjs.org/js-yaml/-/js-yaml-4.2.0.tgz",
      "integrity": "sha512-ePWsvanv0DWuDRsW8dnt+R4jQ31SCRCQ7hhNcPXZPsoBZiemuZNYGf7adZdqX2D86j6rvKp3RpCxVTSb8WQlOw==",
      "dev": true,
      "funding": [
        {
          "type": "github",
          "url": "https://github.com/sponsors/puzrin"
        },
        {
          "type": "github",
          "url": "https://github.com/sponsors/nodeca"
        }
      ],
      "license": "MIT",
      "dependencies": {
        "argparse": "^2.0.1"
      },
      "bin": {
        "js-yaml": "bin/js-yaml.js"
      }
    },
    "node_modules/@apphosting/common": {
      "version": "0.0.8",
      "resolved": "https://registry.npmjs.org/@apphosting/common/-/common-0.0.8.tgz",
      "integrity": "sha512-RJu5gXs2HYV7+anxpVPpp04oXeuHbV3qn402AdXVlnuYM/uWo7aceqmngpfp6Bi376UzRqGjfpdwFHxuwsEGXQ==",
      "dev": true,
      "license": "Apache-2.0"
    },
    "node_modules/@babel/code-frame": {
      "version": "7.29.7",
      "resolved": "https://registry.npmjs.org/@babel/code-frame/-/code-frame-7.29.7.tgz",
      "integrity": "sha512-Aup7aUOfpbAUg2ROOJN6Iw5f9DMBlzu0mIkm/malLQFN/YQgO48wCj0Kxa3sEHJvPVFg7siR+qRInwXd2qhQKw==",
      "dev": true,
      "license": "MIT",
      "dependencies": {
        "@babel/helper-validator-identifier": "^7.29.7",
        "js-tokens": "^4.0.0",
        "picocolors": "^1.1.1"
      },
      "engines": {
        "node": ">=6.9.0"
      }
    },
    "node_modules/@babel/compat-data": {
      "version": "7.29.7",
      "resolved": "https://registry.npmjs.org/@babel/compat-data/-/compat-data-7.29.7.tgz",
      "integrity": "sha512-locTkQyKvwIEgBzVrn8693ebc97F2U8ZHjbXwDXJ5Fn2TCpNwTlKcaKLkdHop5c/icOFE7qt7Q9JC5hnKNa6Gg==",
      "dev": true,
      "license": "MIT",
      "engines": {
        "node": ">=6.9.0"
      }
    },
    "node_modules/@babel/core": {
      "version": "7.29.7",
      "resolved": "https://registry.npmjs.org/@babel/core/-/core-7.29.7.tgz",
      "integrity": "sha512-RgHBCvtjbOK2gXSNBNIkNoEc9qoVEtau3hj8gEqKQuL3HZAibKarWFEI3Lfm6EYKkLalOh8eSrj9b+ch9H/VBA==",
      "dev": true,
      "license": "MIT",
      "dependencies": {
        "@babel/code-frame": "^7.29.7",
        "@babel/generator": "^7.29.7",
        "@babel/helper-compilation-targets": "^7.29.7",
        "@babel/helper-module-transforms": "^7.29.7",
        "@babel/helpers": "^7.29.7",
        "@babel/parser": "^7.29.7",
        "@babel/template": "^7.29.7",
        "@babel/traverse": "^7.29.7",
        "@babel/types": "^7.29.7",
        "@jridgewell/remapping": "^2.3.5",
        "convert-source-map": "^2.0.0",
        "debug": "^4.1.0",
        "gensync": "^1.0.0-beta.2",
        "json5": "^2.2.3",
        "semver": "^6.3.1"
      },
      "engines": {
        "node": ">=6.9.0"
      },
      "funding": {
        "type": "opencollective",
        "url": "https://opencollective.com/babel"
      }
    },
    "node_modules/@babel/generator": {
      "version": "7.29.7",
      "resolved": "https://registry.npmjs.org/@babel/generator/-/generator-7.29.7.tgz",
      "integrity": "sha512-DkXD5OJQaAQIdZ1bt3UZdEnHAn9Imd3IVBdX03UFe+ony9Ojw5pzr9YVKGDY1jt+Gcn/FnGkNf8r+Vj5NOJWtQ==",
      "dev": true,
      "license": "MIT",
      "dependencies": {
        "@babel/parser": "^7.29.7",
        "@babel/types": "^7.29.7",
        "@jridgewell/gen-mapping": "^0.3.12",
        "@jridgewell/trace-mapping": "^0.3.28",
        "jsesc": "^3.0.2"
      },
      "engines": {
        "node": ">=6.9.0"
      }
    },
    "node_modules/@babel/helper-compilation-targets": {
      "version": "7.29.7",
      "resolved": "https://registry.npmjs.org/@babel/helper-compilation-targets/-/helper-compilation-targets-7.29.7.tgz",
      "integrity": "sha512-wem6WaBj4NaVYVdNhLPPVacES6ZJ+KBBfSkTMD3YZxbP3rm3Di85tJU5ljaUNhaOynt+Aj0xruhYuzQBt8n71g==",
      "dev": true,
      "license": "MIT",
      "dependencies": {
        "@babel/compat-data": "^7.29.7",
        "@babel/helper-validator-option": "^7.29.7",
        "browserslist": "^4.24.0",
        "lru-cache": "^5.1.1",
        "semver": "^6.3.1"
      },
      "engines": {
        "node": ">=6.9.0"
      }
    },
    "node_modules/@babel/helper-globals": {
      "version": "7.29.7",
      "resolved": "https://registry.npmjs.org/@babel/helper-globals/-/helper-globals-7.29.7.tgz",
      "integrity": "sha512-3nQVUAtvkKH9zahfWgw96Jc/uFOmjACE1kQz82E2lqWmHBgjzbNlsC22nuQTfahmWeQtTq5nQ/4Nnd2A1wj4zA==",
      "dev": true,
      "license": "MIT",
      "engines": {
        "node": ">=6.9.0"
      }
    },
    "node_modules/@babel/helper-module-imports": {
      "version": "7.29.7",
      "resolved": "https://registry.npmjs.org/@babel/helper-module-imports/-/helper-module-imports-7.29.7.tgz",
      "integrity": "sha512-ejHwrQQYcm9xnTivShn2IDOlIzInN34AXskvq9QicvCtEzq1Vzclu/tKF8Jq1Cg8JG2GL6/EmjgsCT7lXepE3g==",
      "dev": true,
      "license": "MIT",
      "dependencies": {
        "@babel/traverse": "^7.29.7",
        "@babel/types": "^7.29.7"
      },
      "engines": {
        "node": ">=6.9.0"
      }
    },
    "node_modules/@babel/helper-module-transforms": {
      "version": "7.29.7",
      "resolved": "https://registry.npmjs.org/@babel/helper-module-transforms/-/helper-module-transforms-7.29.7.tgz",
      "integrity": "sha512-UPUVSyXbOh627KiCIGQSgwWzGeBKLkaJ9PJEdrngIwMSzxLR4jS4+f1f1jb7VzBbg8nFLaYotvVPFCTqdrmTAg==",
      "dev": true,
      "license": "MIT",
      "dependencies": {
        "@babel/helper-module-imports": "^7.29.7",
        "@babel/helper-validator-identifier": "^7.29.7",
        "@babel/traverse": "^7.29.7"
      },
      "engines": {
        "node": ">=6.9.0"
      },
      "peerDependencies": {
        "@babel/core": "^7.0.0"
      }
    },
    "node_modules/@babel/helper-plugin-utils": {
      "version": "7.29.7",
      "resolved": "https://registry.npmjs.org/@babel/helper-plugin-utils/-/helper-plugin-utils-7.29.7.tgz",
      "integrity": "sha512-G7sHYigPY17oO5SYWnfD/0MTBwVR781S/JI643e/JhUYgVgWE/61SoW3NH9KWUKyKq5LVh3npif99Wkt6j86Jw==",
      "dev": true,
      "license": "MIT",
      "engines": {
        "node": ">=6.9.0"
      }
    },
    "node_modules/@babel/helper-string-parser": {
      "version": "7.29.7",
      "resolved": "https://registry.npmjs.org/@babel/helper-string-parser/-/helper-string-parser-7.29.7.tgz",
      "integrity": "sha512-Pb5ijPrZ89GDH8223L4UP8i6QApWxs04RbPQJTeWDV0/keR2E36MeKnyr6LYmUUvqRRI+Iv87SuF1W6ErINzYw==",
      "dev": true,
      "license": "MIT",
      "engines": {
        "node": ">=6.9.0"
      }
    },
    "node_modules/@babel/helper-validator-identifier": {
      "version": "7.29.7",
      "resolved": "https://registry.npmjs.org/@babel/helper-validator-identifier/-/helper-validator-identifier-7.29.7.tgz",
      "integrity": "sha512-qehxGkRj55h/ff8EMaJ+cYhyaKlHIxqYDn682wQD7RNp9UujOQsHog2uS0r2vzr4pW+sXf90NeeayjcNaX3fFg==",
      "dev": true,
      "license": "MIT",
      "engines": {
        "node": ">=6.9.0"
      }
    },
    "node_modules/@babel/helper-validator-option": {
      "version": "7.29.7",
      "resolved": "https://registry.npmjs.org/@babel/helper-validator-option/-/helper-validator-option-7.29.7.tgz",
      "integrity": "sha512-N9ZErrD+yW5geCDtBqnOoxmR8+tNKiGuxKlDpuJxfsqpa2dFcexaziGAE/qoHLiDDreVNMupxGmSoNlyvsA3gw==",
      "dev": true,
      "license": "MIT",
      "engines": {
        "node": ">=6.9.0"
      }
    },
    "node_modules/@babel/helpers": {
      "version": "7.29.7",
      "resolved": "https://registry.npmjs.org/@babel/helpers/-/helpers-7.29.7.tgz",
      "integrity": "sha512-1k2lAGRMfHTcwuNYcCNUmaUffmQv8KWMfh2iJUUeRlwlwH4FdNG7mfPI10NPfLHJFThE4Tyr4mv7kTNZOiPuBg==",
      "dev": true,
      "license": "MIT",
      "dependencies": {
        "@babel/template": "^7.29.7",
        "@babel/types": "^7.29.7"
      },
      "engines": {
        "node": ">=6.9.0"
      }
    },
    "node_modules/@babel/parser": {
      "version": "7.29.7",
      "resolved": "https://registry.npmjs.org/@babel/parser/-/parser-7.29.7.tgz",
      "integrity": "sha512-hnORnjP/1P/zFEndoeX+n+t1RwWRJiJpM/jO7FW32Kn9r5+sJB2JWOdYo4L6k78j15eCwY3Gm/7364B1EMwtNg==",
      "dev": true,
      "license": "MIT",
      "dependencies": {
        "@babel/types": "^7.29.7"
      },
      "bin": {
        "parser": "bin/babel-parser.js"
      },
      "engines": {
        "node": ">=6.0.0"
      }
    },
    "node_modules/@babel/plugin-transform-react-jsx-self": {
      "version": "7.29.7",
      "resolved": "https://registry.npmjs.org/@babel/plugin-transform-react-jsx-self/-/plugin-transform-react-jsx-self-7.29.7.tgz",
      "integrity": "sha512-TL0hMc9xzy86VD31nUiwzd5otRAcyEPcsegCxolO0PvcXuH1v0kECe/UIznYFihpkvU5wg/jk4v0TTEFfm53fw==",
      "dev": true,
      "license": "MIT",
      "dependencies": {
        "@babel/helper-plugin-utils": "^7.29.7"
      },
      "engines": {
        "node": ">=6.9.0"
      },
      "peerDependencies": {
        "@babel/core": "^7.0.0-0"
      }
    },
    "node_modules/@babel/plugin-transform-react-jsx-source": {
      "version": "7.29.7",
      "resolved": "https://registry.npmjs.org/@babel/plugin-transform-react-jsx-source/-/plugin-transform-react-jsx-source-7.29.7.tgz",
      "integrity": "sha512-06IyK09H3wi4cGbhDBwp5gUGo0IKtnYa8tyTiephirPCK6fbobVGiXMMI5zLQ4aKEYP3wZ3ArU44o+8KMrSG/Q==",
      "dev": true,
      "license": "MIT",
      "dependencies": {
        "@babel/helper-plugin-utils": "^7.29.7"
      },
      "engines": {
        "node": ">=6.9.0"
      },
      "peerDependencies": {
        "@babel/core": "^7.0.0-0"
      }
    },
    "node_modules/@babel/runtime": {
      "version": "7.29.7",
      "resolved": "https://registry.npmjs.org/@babel/runtime/-/runtime-7.29.7.tgz",
      "integrity": "sha512-Nq8OhGWiZIZGV6hLHoyAKLLcJihP/xFeBMGJoUrxTX2psI8dCifzLhZISFb+VWS3wFMRDmCGw5R+dOySCqPLhw==",
      "license": "MIT",
      "engines": {
        "node": ">=6.9.0"
      }
    },
    "node_modules/@babel/template": {
      "version": "7.29.7",
      "resolved": "https://registry.npmjs.org/@babel/template/-/template-7.29.7.tgz",
      "integrity": "sha512-puq+Gf35oI24FeN11LkoUQFqv9uwNeWpxXZi/Ji3rRIoKAzKnxRaZ+Gkj0vKS9ZCiTESfng1N9LyOyXvo+m+Gg==",
      "dev": true,
      "license": "MIT",
      "dependencies": {
        "@babel/code-frame": "^7.29.7",
        "@babel/parser": "^7.29.7",
        "@babel/types": "^7.29.7"
      },
      "engines": {
        "node": ">=6.9.0"
      }
    },
    "node_modules/@babel/traverse": {
      "version": "7.29.7",
      "resolved": "https://registry.npmjs.org/@babel/traverse/-/traverse-7.29.7.tgz",
      "integrity": "sha512-EhlfNQtZ+NK22w5BM61ciuiq1m58ed33Wr1Xan//ZRTy6hgjnwyCffRYwzsGXdASJSUJ1guZILsErh1eQcl+zw==",
      "dev": true,
      "license": "MIT",
      "dependencies": {
        "@babel/code-frame": "^7.29.7",
        "@babel/generator": "^7.29.7",
        "@babel/helper-globals": "^7.29.7",
        "@babel/parser": "^7.29.7",
        "@babel/template": "^7.29.7",
        "@babel/types": "^7.29.7",
        "debug": "^4.3.1"
      },
      "engines": {
        "node": ">=6.9.0"
      }
    },
    "node_modules/@babel/types": {
      "version": "7.29.7",
      "resolved": "https://registry.npmjs.org/@babel/types/-/types-7.29.7.tgz",
      "integrity": "sha512-4zBIxpPzowiZpusoFkyGVwakdRJUyuH5PxQ/PrqghfdFWWasvnCdPfQXHrenDai+gyLARulZjZowCOj6fjT4pA==",
      "dev": true,
      "license": "MIT",
      "dependencies": {
        "@babel/helper-string-parser": "^7.29.7",
        "@babel/helper-validator-identifier": "^7.29.7"
      },
      "engines": {
        "node": ">=6.9.0"
      }
    },
    "node_modules/@colors/colors": {
      "version": "1.5.0",
      "resolved": "https://registry.npmjs.org/@colors/colors/-/colors-1.5.0.tgz",
      "integrity": "sha512-ooWCrlZP11i8GImSjTHYHLkvFDP48nS4+204nGb1RiX/WXYHmJA2III9/e2DWVabCESdW7hBAEzHRqUn9OUVvQ==",
      "dev": true,
      "license": "MIT",
      "optional": true,
      "engines": {
        "node": ">=0.1.90"
      }
    },
    "node_modules/@dabh/diagnostics": {
      "version": "2.0.8",
      "resolved": "https://registry.npmjs.org/@dabh/diagnostics/-/diagnostics-2.0.8.tgz",
      "integrity": "sha512-R4MSXTVnuMzGD7bzHdW2ZhhdPC/igELENcq5IjEverBvq5hn1SXCWcsi6eSsdWP0/Ur+SItRRjAktmdoX/8R/Q==",
      "dev": true,
      "license": "MIT",
      "dependencies": {
        "@so-ric/colorspace": "^1.1.6",
        "enabled": "2.0.x",
        "kuler": "^2.0.0"
      }
    },
    "node_modules/@electric-sql/pglite": {
      "version": "0.3.16",
      "resolved": "https://registry.npmjs.org/@electric-sql/pglite/-/pglite-0.3.16.tgz",
      "integrity": "sha512-mZkZfOd9OqTMHsK+1cje8OSzfAQcpD×n|÷{h‘éì¶»§q«^wˆœÝ[\ÈŽˆŠˆ‹ˆœÝYØ\œÜÈŽˆŠˆ‹ˆ\œÙ\ˆŽˆ—KŒ‚ˆKˆœY\‘\[™[˜ÚY\ÓY]HŽˆÂˆ\\ËÛ›ÙHŽˆÂˆ›Ü[Û˜[ŽˆYBˆKˆ›\ÜÈŽˆÂˆ›Ü[Û˜[ŽˆYBˆKˆ›YÚš[™ØÜÜÈŽˆÂˆ›Ü[Û˜[ŽˆYBˆKˆœØ\ÜÈŽˆÂˆ›Ü[Û˜[ŽˆYBˆKˆœØ\ÜËY[X™YYŽˆÂˆ›Ü[Û˜[ŽˆYBˆKˆœÝ[\ÈŽˆÂˆ›Ü[Û˜[ŽˆYBˆKˆœÝYØ\œÜÈŽˆÂˆ›Ü[Û˜[ŽˆYBˆKˆ\œÙ\ˆŽˆÂˆ›Ü[Û˜[ŽˆYBˆBˆBˆKˆ››ÙWÛ[Ù[\ËÝ›ÚYY[[Y[ÈŽˆÂˆ™\œÚ[ÛˆŽˆŒËŒKŒ‹ˆœ™\ÛÛ™YŽˆšÎ‹ËÜ™YÚ\ÝžK›œZœË›Ü™ËÝ›ÚYY[[Y[ËËKÝ›ÚYY[[Y[ËLËŒKŒÞˆ‹ˆš[YÜš]HŽˆœÚMLL‹QšRZRZ•ÎPSY]™’V\ÌŒÕ[ÎXÙT
ÌÕTÊÜ
Ú™ÓžMÜÜ˜JÝ™VZ”™ÔÙÞ‹ÚL–LšKÍÏOH‹ˆ›XÙ[œÙHŽˆ“RU‹ˆ™[™Ú[™\ÈŽˆÂˆ››ÙHŽˆLŒLŒ‚ˆBˆKˆ››ÙWÛ[Ù[\ËÝØÝÚYŽˆÂˆ™\œÚ[ÛˆŽˆŒKŒŒH‹ˆœ™\ÛÛ™YŽˆšÎ‹ËÜ™YÚ\ÝžK›œZœË›Ü™ËÝØÝÚYËKÝØÝÚYLKŒŒKÞˆ‹ˆš[YÜš]HŽˆœÚMLL‹V]ÔÌM•^Ý‘ÎJÎVZØšPÝ^–ÑÌ›ZØÍÓ™ÌMÍÐ”]NJÑRSÒ›ÕÔÝYXMÙ’ÔÚU™ÖÔY•ÎÏOH‹ˆ™]ˆŽˆYKˆ›XÙ[œÙHŽˆ“RU‹ˆ™\[™[˜ÚY\ÈŽˆÂˆ™Y˜][ÈŽˆ—ŒKŒŒÈ‚ˆBˆKˆ››ÙWÛ[Ù[\ËÝÙX‹\Ý™X[\Ë\ÛYš[ŽˆÂˆ™\œÚ[ÛˆŽˆŒËŒËŒÈ‹ˆœ™\ÛÛ™YŽˆšÎ‹ËÜ™YÚ\ÝžK›œZœË›Ü™ËÝÙX‹\Ý™X[\Ë\ÛYš[ËKÝÙX‹\Ý™X[\Ë\ÛYš[LËŒËŒËÞˆ‹ˆš[YÜš]HŽˆœÚMLL‹Y’•ÓÚ]›V–UÒ[ÙÙNS\ÙÑÖœMÌPšZØÕÑÖZÚÌZÚ•QÜVŒ‘‘KÛ˜NÑÕØ˜ÔNÖ–UÒR’–ÏOH‹ˆ™]ˆŽˆYKˆ›XÙ[œÙHŽˆ“RU‹ˆ™[™Ú[™\ÈŽˆÂˆ››ÙHŽˆH‚ˆBˆKˆ››ÙWÛ[Ù[\ËÝÙX‹]š][ÈŽˆÂˆ™\œÚ[ÛˆŽˆŒ‹‹ˆœ™\ÛÛ™YŽˆšÎ‹ËÜ™YÚ\ÝžK›œZœË›Ü™ËÝÙX‹]š][ËËKÝÙX‹]š][ËMŒ‹Þˆ‹ˆš[YÜš]HŽˆœÚMLL‹\[QÝÒÖSLLU–œŽL›YÜ‘PRÙLÔ
ÚÓÌŒÕ[œ^]N\˜Þ™•ZQØØŽVŽ^•˜ÜRÓÝ‹ÙÌÓ™ÝÜÝÏOH‹ˆ›XÙ[œÙHŽˆ\XÚKL‹Œ‚ˆKˆ››ÙWÛ[Ù[\ËÝÙXšYXÛÛ™\œÚ[ÛœÈŽˆÂˆ™\œÚ[ÛˆŽˆŒËŒŒH‹ˆœ™\ÛÛ™YŽˆšÎ‹ËÜ™YÚ\ÝžK›œZœË›Ü™ËÝÙXšYXÛÛ™\œÚ[ÛœËËKÝÙXšYXÛÛ™\œÚ[ÛœËLËŒŒKÞˆ‹ˆš[YÜš]HŽˆœÚMLL‹L’[ŒÞŽTœš’ÎÛNÜ”ÌØ˜ÛÑSÝ”ÖLPÚ™ŠÑXSSV^’VRÓY]XÔš›Þ\Ù›“ØŽÞYTOOH‹ˆ™]ˆŽˆYKˆ›XÙ[œÙHŽˆ”ÑL‹PÛ]\ÙH‚ˆKˆ››ÙWÛ[Ù[\ËÝÙXœÛØÚÙ]Yš]™\ˆŽˆÂˆ™\œÚ[ÛˆŽˆŒËH‹ˆœ™\ÛÛ™YŽˆšÎ‹ËÜ™YÚ\ÝžK›œZœË›Ü™ËÝÙXœÛØÚÙ]Yš]™\‹ËKÝÙXœÛØÚÙ]Yš]™\‹LËKÞˆ‹ˆš[YÜš]HŽˆœÚMLL‹V“ŠÌØÍÚÓP™TÓ^›”SRQÕžŠÕS
ÞšÍÍÛXšXÚX›ØØN’LMSŒNQM[Ú\RZKÝZMÝÒ\–‘Ó[ÍžOOH‹ˆ›XÙ[œÙHŽˆ\XÚKL‹Œ‹ˆ™\[™[˜ÚY\ÈŽˆÂˆš\\œÙ\‹ZœÈŽˆLKŒH‹ˆœØY™KXY™™\ˆŽˆMKŒKŒ‹ˆÙXœÛØÚÙ]Y^[œÚ[ÛœÈŽˆLŒKŒH‚ˆKˆ™[™Ú[™\ÈŽˆÂˆ››ÙHŽˆLŽŒ‚ˆBˆKˆ››ÙWÛ[Ù[\ËÝÙXœÛØÚÙ]Y^[œÚ[ÛœÈŽˆÂˆ™\œÚ[ÛˆŽˆŒŒK‹ˆœ™\ÛÛ™YŽˆšÎ‹ËÜ™YÚ\ÝžK›œZœË›Ü™ËÝÙXœÛØÚÙ]Y^[œÚ[ÛœËËKÝÙXœÛØÚÙ]Y^[œÚ[ÛœËLŒKÞˆ‹ˆš[YÜš]HŽˆœÚMLL‹SÜYYQÓÙœÑÌÌUSÖXÑ“TØSÎ[NQËÌ˜RRKÙ‘‘QœTÞ•]Ü^SÞLÐÓÑXQSÙËÎUœÑÒ\[Œ•ÍRÚÒÔÜÏOH‹ˆ›XÙ[œÙHŽˆ\XÚKL‹Œ‹ˆ™[™Ú[™\ÈŽˆÂˆ››ÙHŽˆLŽŒ‚ˆBˆKˆ››ÙWÛ[Ù[\ËÝÚ]ÙËY™]ÚŽˆÂˆ™\œÚ[ÛˆŽˆŒË‹ŒŒ‹ˆœ™\ÛÛ™YŽˆšÎ‹ËÜ™YÚ\ÝžK›œZœË›Ü™ËÝÚ]ÙËY™]ÚËKÝÚ]ÙËY™]ÚLË‹ŒŒÞˆ‹ˆš[YÜš]HŽˆœÚMLL‹Q\ZQ•M™SÐNÜ“ÕÕÛ“ÑŒÚMÓÜ‘ž”ÖZQÜÑSPŽØÖÊÔœž˜]PQT–^YS•Õœ^M’›MŽVŽSRÒÙ\Ù™ÏOH‹ˆ™]ˆŽˆYKˆ›XÙ[œÙHŽˆ“RU‚ˆKˆ››ÙWÛ[Ù[\ËÝÚ]ÙË]\›ŽˆÂˆ™\œÚ[ÛˆŽˆKŒŒ‹ˆœ™\ÛÛ™YŽˆšÎ‹ËÜ™YÚ\ÝžK›œZœË›Ü™ËÝÚ]ÙË]\›ËKÝÚ]ÙË]\›MKŒŒÞˆ‹ˆš[YÜš]HŽˆœÚMLL‹\ØQMMÛ\ÍŒÒLÍJÚžÖXL’ÔÞLŽ”Þ”ÙÓÞ\ÌPžšÝšPLKÕQÒ“TÕœ\ÎŽP[’PÖ]SÒ–UÏOH‹ˆ™]ˆŽˆYKˆ›XÙ[œÙHŽˆ“RU‹ˆ™\[™[˜ÚY\ÈŽˆÂˆˆŽˆŸŒŒŒÈ‹ˆÙXšYXÛÛ™\œÚ[ÛœÈŽˆ—ŒËŒŒ‚ˆBˆKˆ››ÙWÛ[Ù[\ËÝÚXÚŽˆÂˆ™\œÚ[ÛˆŽˆŒ‹ŒŒˆ‹ˆœ™\ÛÛ™YŽˆšÎ‹ËÜ™YÚ\ÝžK›œZœË›Ü™ËÝÚXÚËKÝÚXÚL‹ŒŒ‹Þˆ‹ˆš[YÜš]HŽˆœÚMLL‹P“LÕUÌÔ›ÌÞ\LÖMJØ]ÜÖ\ÑÐ–UÚÚÜS]˜–Ü“Q
ÞZÜšÌÝQQ’˜VVÚ‘UÍ[ÙØ\Ó“QRÓ“ZšXOOH‹ˆ™]ˆŽˆYKˆ›XÙ[œÙHŽˆ’TÐÈ‹ˆ™\[™[˜ÚY\ÈŽˆÂˆš\Ù^HŽˆ—Œ‹ŒŒ‚ˆKˆ˜š[ˆŽˆÂˆ››ÙK]ÚXÚŽˆ˜š[‹Û›ÙK]ÚXÚ‚ˆKˆ™[™Ú[™\ÈŽˆÂˆ››ÙHŽˆH‚ˆBˆKˆ››ÙWÛ[Ù[\ËÝÚY\Ý[[™HŽˆÂˆ™\œÚ[ÛˆŽˆŒËŒKŒ‹ˆœ™\ÛÛ™YŽˆšÎ‹ËÜ™YÚ\ÝžK›œZœË›Ü™ËÝÚY\Ý[[™KËKÝÚY\Ý[[™KLËŒKŒÞˆ‹ˆš[YÜš]HŽˆœÚMLL‹SœÛ[Ö[ÕÕ‘QÝ\TŒØNY›šššS’UÖSÒÝRÓNZ•ÜŽXÔ™™˜ZÊÝTÑM
ÓØŽØ˜[ÞYUZ^Q”Q™ÙÏOH‹ˆ™]ˆŽˆYKˆ›XÙ[œÙHŽˆ“RU‹ˆ™\[™[˜ÚY\ÈŽˆÂˆœÝš[™Ë]ÚYŽˆ—ŒŒ‚ˆKˆ™[™Ú[™\ÈŽˆÂˆ››ÙHŽˆN‚ˆBˆKˆ››ÙWÛ[Ù[\ËÝÚ[œÝÛˆŽˆÂˆ™\œÚ[ÛˆŽˆŒËŒNKŒ‹ˆœ™\ÛÛ™YŽˆšÎ‹ËÜ™YÚ\ÝžK›œZœË›Ü™ËÝÚ[œÝÛ‹ËKÝÚ[œÝÛ‹LËŒNKŒÞˆ‹ˆš[YÜš]HŽˆœÚMLL‹S“’™Ô™’ÔŠËÒŒØÒÞÜÜÒÝ‘Ù‘•”Í’ØÍÐÑÌÙÖ^›žQKÔÌÐÒSÖ]LXZÌÌÖPÜQ‹Ì^YV’RÐOOH‹ˆ™]ˆŽˆYKˆ›XÙ[œÙHŽˆ“RU‹ˆ™\[™[˜ÚY\ÈŽˆÂˆÛÛÜœËØÛÛÜœÈŽˆ—ŒK‹Œ‹ˆXšÙXYÛ›ÜÝXÜÈŽˆ—Œ‹ŒŽ‹ˆ˜\Þ[˜ÈŽˆ—ŒËŒ‹ŒÈ‹ˆš\Ë\Ý™X[HŽˆ—Œ‹ŒŒ‹ˆ›ÙÙ›Ü›HŽˆ—Œ‹ËŒ‹ˆ›Û™K][YHŽˆ—ŒKŒŒ‹ˆœ™XYX›K\Ý™X[HŽˆ—ŒËŒ‹ˆœØY™K\ÝX›K\Ýš[™ÚYžHŽˆ—Œ‹ŒËŒH‹ˆœÝXÚË]˜XÙHŽˆŒŒž‹ˆš\KX™X[HŽˆ—ŒKŒËŒ‹ˆÚ[œÝÛ‹]˜[œÜÜŽˆ—ŽKŒ‚ˆKˆ™[™Ú[™\ÈŽˆÂˆ››ÙHŽˆHL‹ŒŒ‚ˆBˆKˆ››ÙWÛ[Ù[\ËÝÚ[œÝÛ‹]˜[œÜÜŽˆÂˆ™\œÚ[ÛˆŽˆŽKŒ‹ˆœ™\ÛÛ™YŽˆšÎ‹ËÜ™YÚ\ÝžK›œZœË›Ü™ËÝÚ[œÝÛ‹]˜[œÜÜËKÝÚ[œÝÛ‹]˜[œÜÜMŽKŒÞˆ‹ˆš[YÜš]HŽˆœÚMLL‹N“RšÙØTÌSYM‘ÌÕÓ’KÞ”N[Ì’Z\ÓÑ[›‘ÑÝ\X’ÚœØÎ^[ŒÑÑÞ•LM•›“Ó\QØSMOOH‹ˆ™]ˆŽˆYKˆ›XÙ[œÙHŽˆ“RU‹ˆ™\[™[˜ÚY\ÈŽˆÂˆ›ÙÙ›Ü›HŽˆ—Œ‹ËŒ‹ˆœ™XYX›K\Ý™X[HŽˆ—ŒË‹Œˆ‹ˆš\KX™X[HŽˆ—ŒKŒËŒ‚ˆKˆ™[™Ú[™\ÈŽˆÂˆ››ÙHŽˆHL‹ŒŒ‚ˆBˆKˆ››ÙWÛ[Ù[\ËÝÚ[œÝÛ‹]˜[œÜÜÛ›ÙWÛ[Ù[\ËÜ™XYX›K\Ý™X[HŽˆÂˆ™\œÚ[ÛˆŽˆŒË‹Œˆ‹ˆœ™\ÛÛ™YŽˆšÎ‹ËÜ™YÚ\ÝžK›œZœË›Ü™ËÜ™XYX›K\Ý™X[KËKÜ™XYX›K\Ý™X[KLË‹Œ‹Þˆ‹ˆš[YÜš]HŽˆœÚMLL‹N]KÜÛšPÜ–LÑUÙÑT’’MÌ–PÖ[ÑÍQ•ZPÐÍÒXœ–Ó–L^XNQRÚ–YZÎSÍ^Ð]Ú‘ÜJÌR™ÐTÍÔNTØÛÐOOH‹ˆ™]ˆŽˆYKˆ›XÙ[œÙHŽˆ“RU‹ˆ™\[™[˜ÚY\ÈŽˆÂˆš[š\š]ÈŽˆ—Œ‹ŒŒÈ‹ˆœÝš[™×ÙXÛÙ\ˆŽˆ—ŒKŒKŒH‹ˆ][Y\™XØ]HŽˆ—ŒKŒŒH‚ˆKˆ™[™Ú[™\ÈŽˆÂˆ››ÙHŽˆHˆ‚ˆBˆKˆ››ÙWÛ[Ù[\ËÝÚ[œÝÛ‹Û›ÙWÛ[Ù[\ËÐÛÛÜœËØÛÛÜœÈŽˆÂˆ™\œÚ[ÛˆŽˆŒK‹Œ‹ˆœ™\ÛÛ™YŽˆšÎ‹ËÜ™YÚ\ÝžK›œZœË›Ü™ËÐÛÛÜœËØÛÛÜœËËKØÛÛÜœËLK‹ŒÞˆ‹ˆš[YÜš]HŽˆœÚMLL‹R\ŠÐSÚXœ^œ’\Ó˜ZÔžŒÓÚÐÓÚSU’[›\Ü•ËÕU^SÓZ\•œPZÚ™–M’’TÚSÞSœZXÐPÎ^RÞ“™ÙOOH‹ˆ™]ˆŽˆYKˆ›XÙ[œÙHŽˆ“RU‹ˆ™[™Ú[™\ÈŽˆÂˆ››ÙHŽˆLŒKŽL‚ˆBˆKˆ››ÙWÛ[Ù[\ËÝÚ[œÝÛ‹Û›ÙWÛ[Ù[\ËÜ™XYX›K\Ý™X[HŽˆÂˆ™\œÚ[ÛˆŽˆŒË‹Œˆ‹ˆœ™\ÛÛ™YŽˆšÎ‹ËÜ™YÚ\ÝžK›œZœË›Ü™ËÜ™XYX›K\Ý™X[KËKÜ™XYX›K\Ý™X[KLË‹Œ‹Þˆ‹ˆš[YÜš]HŽˆœÚMLL‹N]KÜÛšPÜ–LÑUÙÑT’’MÌ–PÖ[ÑÍQ•ZPÐÍÒXœ–Ó–L^XNQRÚ–YZÎSÍ^Ð]Ú‘ÜJÌR™ÐTÍÔNTØÛÐOOH‹ˆ™]ˆŽˆYKˆ›XÙ[œÙHŽˆ“RU‹ˆ™\[™[˜ÚY\ÈŽˆÂˆš[š\š]ÈŽˆ—Œ‹ŒŒÈ‹ˆœÝš[™×ÙXÛÙ\ˆŽˆ—ŒKŒKŒH‹ˆ][Y\™XØ]HŽˆ—ŒKŒŒH‚ˆKˆ™[™Ú[™\ÈŽˆÂˆ››ÙHŽˆHˆ‚ˆBˆKˆ››ÙWÛ[Ù[\ËÝÜ˜\X[œÚHŽˆÂˆ™\œÚ[ÛˆŽˆËŒŒ‹ˆœ™\ÛÛ™YŽˆšÎ‹ËÜ™YÚ\ÝžK›œZœË›Ü™ËÝÜ˜\X[œÚKËKÝÜ˜\X[œÚKMËŒŒÞˆ‹ˆš[YÜš]HŽˆœÚMLL‹VU‘ÒZŒšØ[SÕÍ“œÖš›Ðž”ÝÜÛŒXÙ\ÛXÍ
ÔLŒXÍ^”VŒ\
Ó™ž™›S•“ÔM–ÖQÍU]]ÑšMÑM”OOH‹ˆ›XÙ[œÙHŽˆ“RU‹ˆ™\[™[˜ÚY\ÈŽˆÂˆ˜[œÚK\Ý[\ÈŽˆ—ŒŒ‹ˆœÝš[™Ë]ÚYŽˆ—ŒKŒ‹ˆœÝš\X[œÚHŽˆ—‹ŒŒ‚ˆKˆ™[™Ú[™\ÈŽˆÂˆ››ÙHŽˆLL‚ˆKˆ™[™[™ÈŽˆÂˆ\›ŽˆšÎ‹ËÙÚ]X‹˜ÛÛKØÚ[ËÝÜ˜\X[œÚOÜÜÛœÛÜLH‚ˆBˆKˆ››ÙWÛ[Ù[\ËÝÜ˜\X[œÚKXÚœÈŽˆÂˆ›˜[YHŽˆÜ˜\X[œÚH‹ˆ™\œÚ[ÛˆŽˆËŒŒ‹ˆœ™\ÛÛ™YŽˆšÎ‹ËÜ™YÚ\ÝžK›œZœË›Ü™ËÝÜ˜\X[œÚKËKÝÜ˜\X[œÚKMËŒŒÞˆ‹ˆš[YÜš]HŽˆœÚMLL‹VU‘ÒZŒšØ[SÕÍ“œÖš›Ðž”ÝÜÛŒXÙ\ÛXÍ
ÔLŒXÍ^”VŒ\
Ó™ž™›S•“ÔM–ÖQÍU]]ÑšMÑM”OOH‹ˆ™]ˆŽˆYKˆ›XÙ[œÙHŽˆ“RU‹ˆ™\[™[˜ÚY\ÈŽˆÂˆ˜[œÚK\Ý[\ÈŽˆ—ŒŒ‹ˆœÝš[™Ë]ÚYŽˆ—ŒKŒ‹ˆœÝš\X[œÚHŽˆ—‹ŒŒ‚ˆKˆ™[™Ú[™\ÈŽˆÂˆ››ÙHŽˆLL‚ˆKˆ™[™[™ÈŽˆÂˆ\›ŽˆšÎ‹ËÙÚ]X‹˜ÛÛKØÚ[ËÝÜ˜\X[œÚOÜÜÛœÛÜLH‚ˆBˆKˆ››ÙWÛ[Ù[\ËÝÜ˜\HŽˆÂˆ™\œÚ[ÛˆŽˆŒKŒŒˆ‹ˆœ™\ÛÛ™YŽˆšÎ‹ËÜ™YÚ\ÝžK›œZœË›Ü™ËÝÜ˜\KËKÝÜ˜\KLKŒŒ‹Þˆ‹ˆš[YÜš]HŽˆœÚMLL‹[ÜÑœÙ[ÜŽ]Ó‘]•ŒŠÕT[ŒÙZÔ–‹ÜÜVÙÚX•ŽRÛÌ^\ÖŒÝMËÒTSÍÞÑ™ÜT˜ÔŒÔPÝ™^”ÔOOH‹ˆ™]ˆŽˆYKˆ›XÙ[œÙHŽˆ’TÐÈ‚ˆKˆ››ÙWÛ[Ù[\ËÝÜš]KYš[KX]ÛZXÈŽˆÂˆ™\œÚ[ÛˆŽˆŒËŒŒÈ‹ˆœ™\ÛÛ™YŽˆšÎ‹ËÜ™YÚ\ÝžK›œZœË›Ü™ËÝÜš]KYš[KX]ÛZXËËKÝÜš]KYš[KX]ÛZXËLËŒŒËÞˆ‹ˆš[YÜš]HŽˆœÚMLL‹P]’ÞVR›”ÙœLÚ[ÔÞZœšÒ^UÍMÐ^ZÎÎS^KÑ[Û’Ù]KÎMÜ“[ØÙ[SÌ”PR‘[›‘ŠÖ‘ÊÖšT]XLKÔ‹ÔOOH‹ˆ™]ˆŽˆYKˆ›XÙ[œÙHŽˆ’TÐÈ‹ˆ™\[™[˜ÚY\ÈŽˆÂˆš[]\›]\š\ÚŽˆ—ŒŒK‹ˆš\Ë]\Y\œ˜^HŽˆ—ŒKŒŒ‹ˆœÚYÛ˜[Y^]Žˆ—ŒËŒŒˆ‹ˆ\Y\œ˜^K]ËXY™™\ˆŽˆ—ŒËŒKH‚ˆBˆKˆ››ÙWÛ[Ù[\ËÝÜš]KYš[KX]ÛZXËÛ›ÙWÛ[Ù[\ËÜÚYÛ˜[Y^]ŽˆÂˆ™\œÚ[ÛˆŽˆŒËŒÈ‹ˆœ™\ÛÛ™YŽˆšÎ‹ËÜ™YÚ\ÝžK›œZœË›Ü™ËÜÚYÛ˜[Y^]ËKÜÚYÛ˜[Y^]LËŒËÞˆ‹ˆš[YÜš]HŽˆœÚMLL‹]Û‘–‘JÛ
ÔÔËÝ[ÔÌ–QNSJÌÝXS\RÛžŽPSU[ÌÎœÞSÐ•ÔÑ˜ÒŒTœšMŒ“˜ÌL“ŒYØŒÚ›Ú]ÔZÝÜX‘ÔOOH‹ˆ™]ˆŽˆYKˆ›XÙ[œÙHŽˆ’TÐÈ‚ˆKˆ››ÙWÛ[Ù[\ËÝÜÈŽˆÂˆ™\œÚ[ÛˆŽˆËKŒLH‹ˆœ™\ÛÛ™YŽˆšÎ‹ËÜ™YÚ\ÝžK›œZœË›Ü™ËÝÜËËKÝÜËMËKŒLKÞˆ‹ˆš[YÜš]HŽˆœÚMLL‹^”ÍMÙ[ŽX’UÚÜ–LÐ^YÒ\LQ
ÒÒ“ÝR
ØÊÙMœÛÝ[ÜÚZ™
Õ[Ó[žÐX[LQÓŽÝ^R\’XÐ“œPOOH‹ˆ™]ˆŽˆYKˆ›XÙ[œÙHŽˆ“RU‹ˆ™[™Ú[™\ÈŽˆÂˆ››ÙHŽˆNŒËŒ‚ˆKˆœY\‘\[™[˜ÚY\ÈŽˆÂˆ˜Y™™\][Žˆ—ŒŒH‹ˆ]‹N]˜[Y]HŽˆ—KŒŒˆ‚ˆKˆœY\‘\[™[˜ÚY\ÓY]HŽˆÂˆ˜Y™™\][ŽˆÂˆ›Ü[Û˜[ŽˆYBˆKˆ]‹N]˜[Y]HŽˆÂˆ›Ü[Û˜[ŽˆYBˆBˆBˆKˆ››ÙWÛ[Ù[\ËÞËX˜\ÙY\ˆŽˆÂˆ™\œÚ[ÛˆŽˆŒŒ‹ˆœ™\ÛÛ™YŽˆšÎ‹ËÜ™YÚ\ÝžK›œZœË›Ü™ËÞËX˜\ÙY\‹ËKÞËX˜\ÙY\‹MŒŒÞˆ‹ˆš[YÜš]HŽˆœÚMLL‹TÓšR‘Z––UÚL›ÚQ\ŽU˜RYYœŒ“PYŒÓÑ[\ÚÚ“ÚLÍV^TVPVU‘T]’•ØÑŒL•RÕ
ÛÜÑÙÓš[NTOOH‹ˆ™]ˆŽˆYKˆ›XÙ[œÙHŽˆ“RU‹ˆ™[™Ú[™\ÈŽˆÂˆ››ÙHŽˆN‚ˆBˆKˆ››ÙWÛ[Ù[\ËÞ[™ŽˆÂˆ™\œÚ[ÛˆŽˆŒŒˆ‹ˆœ™\ÛÛ™YŽˆšÎ‹ËÜ™YÚ\ÝžK›œZœË›Ü™ËÞ[™ËKÞ[™MŒŒ‹Þˆ‹ˆš[YÜš]HŽˆœÚMLL‹SÖULZPV–YÐVŽUTšš]JÓUÚUVÝ™œÛXÝV[NYÕRÒÌÐÚ•]Ñ^‹ÛPÕØÑÚ‘’XYÒ\ÛÙœ•QTOOH‹ˆ™]ˆŽˆYKˆ›XÙ[œÙHŽˆ“RU‹ˆ™[™Ú[™\ÈŽˆÂˆ››ÙHŽˆL‚ˆBˆKˆ››ÙWÛ[Ù[\ËÞLNˆŽˆÂˆ™\œÚ[ÛˆŽˆKŒŽ‹ˆœ™\ÛÛ™YŽˆšÎ‹ËÜ™YÚ\ÝžK›œZœË›Ü™ËÞLN‹ËKÞLN‹MKŒŽÞˆ‹ˆš[YÜš]HŽˆœÚMLL‹L‘ž™YÙQÒ’’P[U”‘Ò™\ÍÚ›Î]^^ZSÙ”ÊÌÛ‘ÒSœT\R”‹ÌS•TÍ‹ÊÍÔÐØŽNSÙOOH‹ˆ›XÙ[œÙHŽˆ’TÐÈ‹ˆ™[™Ú[™\ÈŽˆÂˆ››ÙHŽˆLL‚ˆBˆKˆ››ÙWÛ[Ù[\ËÞX[\ÝŽˆÂˆ™\œÚ[ÛˆŽˆŒËŒKŒH‹ˆœ™\ÛÛ™YŽˆšÎ‹ËÜ™YÚ\ÝžK›œZœË›Ü™ËÞX[\ÝËKÞX[\ÝLËŒKŒKÞˆ‹ˆš[YÜš]HŽˆœÚMLL‹XMQÔXUÔN[SÖV[QÌ™]Û˜ÔTÍMÕŒÒ›ÐSJÜÌ•‘[TÎSœÒÎÜSÒÜÑ•ÚÒÍ•ÛÕS›ŒœÔ›ÖÏOH‹ˆ™]ˆŽˆYKˆ›XÙ[œÙHŽˆ’TÐÈ‚ˆKˆ››ÙWÛ[Ù[\ËÞX[[ŽˆÂˆ™\œÚ[ÛˆŽˆŒ‹ŽKŒ‹ˆœ™\ÛÛ™YŽˆšÎ‹ËÜ™YÚ\ÝžK›œZœË›Ü™ËÞX[[ËKÞX[[L‹ŽKŒÞˆ‹ˆš[YÜš]HŽˆœÚMLL‹L]š–ÛXŽ™–žMÒS•ÜQŒMRÍ•ÛœZŒÜ•ÛÒÓÜ[ÙÓRSRš^]QÜL’ÙRL–QžT™ŠÌÓÌLÙSSÐOOH‹ˆ™]ˆŽˆYKˆ›XÙ[œÙHŽˆ’TÐÈ‹ˆ˜š[ˆŽˆÂˆžX[[Žˆ˜š[‹›ZœÈ‚ˆKˆ™[™Ú[™\ÈŽˆÂˆ››ÙHŽˆHMˆ‚ˆKˆ™[™[™ÈŽˆÂˆ\›ŽˆšÎ‹ËÙÚ]X‹˜ÛÛKÜÜÛœÛÜœËÙY[Y[H‚ˆBˆKˆ››ÙWÛ[Ù[\ËÞX\™ÜÈŽˆÂˆ™\œÚ[ÛˆŽˆŒMËËŒˆ‹ˆœ™\ÛÛ™YŽˆšÎ‹ËÜ™YÚ\ÝžK›œZœË›Ü™ËÞX\™ÜËËKÞX\™ÜËLMËËŒ‹Þˆ‹ˆš[YÜš]HŽˆœÚMLL‹MÙÞž””JÊÐÒÛ“’KÚÜ’Û–T•Ò’ÒÔVQZŒ\ÛØRÙÎ[\•ÑZ‘•Ú›žÛ
ÍŽXÑSÝMŒÐÌLÓ•TÛ›RXÜœPÝSMÏOH‹ˆ›XÙ[œÙHŽˆ“RU‹ˆ™\[™[˜ÚY\ÈŽˆÂˆ˜Û]ZHŽˆ—ŽŒŒH‹ˆ™\ØØ[YHŽˆ—ŒËŒKŒH‹ˆ™Ù]XØ[\‹Yš[HŽˆ—Œ‹ŒH‹ˆœ™\]Z\™KY\™XÝÜžHŽˆ—Œ‹ŒKŒH‹ˆœÝš[™Ë]ÚYŽˆ—Œ‹ŒÈ‹ˆžLNˆŽˆ—KŒH‹ˆžX\™ÜË\\œÙ\ˆŽˆ—ŒŒKŒKŒH‚ˆKˆ™[™Ú[™\ÈŽˆÂˆ››ÙHŽˆLLˆ‚ˆBˆKˆ››ÙWÛ[Ù[\ËÞX\™ÜË\\œÙ\ˆŽˆÂˆ™\œÚ[ÛˆŽˆŒŒKŒKŒH‹ˆœ™\ÛÛ™YŽˆšÎ‹ËÜ™YÚ\ÝžK›œZœË›Ü™ËÞX\™ÜË\\œÙ\‹ËKÞX\™ÜË\\œÙ\‹LŒKŒKŒKÞˆ‹ˆš[YÜš]HŽˆœÚMLL‹]œÒ•ÍÑ™XÐZQœ’PŒYLÜ^T\ÑM“›ÔÍKÙU˜˜’PÍœÕÚ›ØLÙÊÛL’Û’]Z’œÞ’•JÑÕ]XÌ‹ÓÏOH‹ˆ›XÙ[œÙHŽˆ’TÐÈ‹ˆ™[™Ú[™\ÈŽˆÂˆ››ÙHŽˆLLˆ‚ˆBˆKˆ››ÙWÛ[Ù[\ËÞ[ØÝØÛÛÜœËXÚœÈŽˆÂˆ™\œÚ[ÛˆŽˆŒ‹ŒKŒÈ‹ˆœ™\ÛÛ™YŽˆšÎ‹ËÜ™YÚ\ÝžK›œZœË›Ü™ËÞ[ØÝØÛÛÜœËXÚœËËKÞ[ØÝØÛÛÜœËXÚœËL‹ŒKŒËÞˆ‹ˆš[YÜš]HŽˆœÚMLL‹UKÔŒÍY™Œ™™’QTžRMÚ’›–ÐÔÙ^SLÌNLJÔ[Ø’Yš
ÜÕÑÔÒPÕÕÒ“ŒUØ[ZÙYÛœ–P•ÏOH‹ˆ™]ˆŽˆYKˆ›XÙ[œÙHŽˆ“RU‹ˆ™[™Ú[™\ÈŽˆÂˆ››ÙHŽˆLN‚ˆKˆ™[™[™ÈŽˆÂˆ\›ŽˆšÎ‹ËÙÚ]X‹˜ÛÛKÜÜÛœÛÜœËÜÚ[™™\ÛÜš\È‚ˆBˆKˆ››ÙWÛ[Ù[\ËÞš\\Ý™X[HŽˆÂˆ™\œÚ[ÛˆŽˆ‹ŒŒH‹ˆœ™\ÛÛ™YŽˆšÎ‹ËÜ™YÚ\ÝžK›œZœË›Ü™ËÞš\\Ý™X[KËKÞš\\Ý™X[KM‹ŒŒKÞˆ‹ˆš[YÜš]HŽˆœÚMLL‹^’ÍÖR–ÎPRT”U‘ÒÒMÝ]šÙÚ\ÕÝÙÌU^XUÌ‘’”Õ•ËÑMYÓÐ•›œM˜Ö’XPÎM™ÐOOH‹ˆ™]ˆŽˆYKˆ›XÙ[œÙHŽˆ“RU‹ˆ™\[™[˜ÚY\ÈŽˆÂˆ˜\˜Ú]™\‹]][ÈŽˆ—KŒŒ‹ˆ˜ÛÛ\™\ÜËXÛÛ[[ÛœÈŽˆ—‹ŒŒˆ‹ˆœ™XYX›K\Ý™X[HŽˆ—ŒŒ‚ˆKˆ™[™Ú[™\ÈŽˆÂˆ››ÙHŽˆHM‚ˆBˆKˆ››ÙWÛ[Ù[\ËÞ›ÙŽˆÂˆ™\œÚ[ÛˆŽˆŒËŒKÍˆ‹ˆœ™\ÛÛ™YŽˆšÎ‹ËÜ™YÚ\ÝžK›œZœË›Ü™ËÞ›ÙËKÞ›ÙLËŒKÍ‹Þˆ‹ˆš[YÜš]HŽˆœÚMLL‹YÞ•]Ü][–Ñ‘ÒÒQ˜ÐÌÖ[™‘P^SšÝ[Ù›‘P”ÔÑ”Ì˜˜ÖMYXLQ’U]Ø“ÞÔÙ\ÍT[Ø]Z’ØÓ”^ÔOOH‹ˆ™]ˆŽˆYKˆ›XÙ[œÙHŽˆ“RU‹ˆ™[™[™ÈŽˆÂˆ\›ŽˆšÎ‹ËÙÚ]X‹˜ÛÛKÜÜÛœÛÜœËØÛÛ[šXÚÜÈ‚ˆBˆKˆ››ÙWÛ[Ù[\ËÞ›Ù]ËZœÛÛ‹\ØÚ[XHŽˆÂˆ™\œÚ[ÛˆŽˆŒËŒKŒˆ‹ˆœ™\ÛÛ™YŽˆšÎ‹ËÜ™YÚ\ÝžK›œZœË›Ü™ËÞ›Ù]ËZœÛÛ‹\ØÚ[XKËKÞ›Ù]ËZœÛÛ‹\ØÚ[XKLËŒKŒ‹Þˆ‹ˆš[YÜš]HŽˆœÚMLL‹SËÔÙ›œ^ÔÑTVTÐÙ”’MQÞLÚŽL[RÕ‘VSR’“ZQœ”STÛ•ÛÙ›NÛLM–“™–’SMÑÞTÓPQ›š’OOH‹ˆ™]ˆŽˆYKˆ›XÙ[œÙHŽˆ’TÐÈ‹ˆœY\‘\[™[˜ÚY\ÈŽˆÂˆž›ÙŽˆ—ŒËŒKŒŽ‚ˆBˆBˆBŸB